
Microsoft Visual Studio Solution File, Format Version 12.00
# Visual Studio 14
VisualStudioVersion = 14.0.25420.1
MinimumVisualStudioVersion = 10.0.40219.1
Project("{FAE04EC0-301F-11D3-BF4B-00C04F79EFBC}") = "AutoSniper.Main", "AutoSniper.Main\AutoSniper.Main.csproj", "{F6FA84F6-BE2D-47F3-953D-BBA5ACA07857}"
EndProject
Project("{2150E333-8FDC-42A3-9474-1A3956D46DE8}") = "Framework", "Framework", "{BECF18A5-1DFC-4810-B5BE-9A92517A09AF}"
EndProject
Project("{FAE04EC0-301F-11D3-BF4B-00C04F79EFBC}") = "AutoSniper.Framework", "Framework\AutoSniper.Framework\AutoSniper.Framework.csproj", "{799750E7-A9FD-477D-987C-075FE22EC121}"
EndProject
Global
	GlobalSection(SolutionConfigurationPlatforms) = preSolution
		Debug|Any CPU = Debug|Any CPU
		Release|Any CPU = Release|Any CPU
	EndGlobalSection
	GlobalSection(ProjectConfigurationPlatforms) = postSolution
		{F6FA84F6-BE2D-47F3-953D-BBA5ACA07857}.Debug|Any CPU.ActiveCfg = Debug|Any CPU
		{F6FA84F6-BE2D-47F3-953D-BBA5ACA07857}.Debug|Any CPU.Build.0 = Debug|Any CPU
		{F6FA84F6-BE2D-47F3-953D-BBA5ACA07857}.Release|Any CPU.ActiveCfg = Release|Any CPU
		{F6FA84F6-BE2D-47F3-953D-BBA5ACA07857}.Release|Any CPU.Build.0 = Release|Any CPU
		{799750E7-A9FD-477D-987C-075FE22EC121}.Debug|Any CPU.ActiveCfg = Debug|Any CPU
		{799750E7-A9FD-477D-987C-075FE22EC121}.Debug|Any CPU.Build.0 = Debug|Any CPU
		{799750E7-A9FD-477D-987C-075FE22EC121}.Release|Any CPU.ActiveCfg = Release|Any CPU
		{799750E7-A9FD-477D-987C-075FE22EC121}.Release|Any CPU.Build.0 = Release|Any CPU
	EndGlobalSection
	GlobalSection(SolutionProperties) = preSolution
		HideSolutionNode = FALSE
	EndGlobalSection
	GlobalSection(NestedProjects) = preSolution
		{799750E7-A9FD-477D-987C-075FE22EC121} = {BECF18A5-1DFC-4810-B5BE-9A92517A09AF}
	EndGlobalSection
EndGlobal
